
Microsoft Visual Studio Solution File, Format Version 12.00
# Visual Studio Version 17
VisualStudioVersion = 17.2.32519.379
MinimumVisualStudioVersion = 10.0.40219.1
Project("{FAE04EC0-301F-11D3-BF4B-00C04F79EFBC}") = "EventosFila", "EventosFila\EventosFila.csproj", "{A05DCC6D-A156-4743-9551-ED8E9ED2DD65}"
EndProject
Global
	GlobalSection(SolutionConfigurationPlatforms) = preSolution
		Debug|Any CPU = Debug|Any CPU
		Release|Any CPU = Release|Any CPU
	EndGlobalSection
	GlobalSection(ProjectConfigurationPlatforms) = postSolution
		{A05DCC6D-A156-4743-9551-ED8E9ED2DD65}.Debug|Any CPU.ActiveCfg = Debug|Any CPU
		{A05DCC6D-A156-4743-9551-ED8E9ED2DD65}.Debug|Any CPU.Build.0 = Debug|Any CPU
		{A05DCC6D-A156-4743-9551-ED8E9ED2DD65}.Release|Any CPU.ActiveCfg = Release|Any CPU
		{A05DCC6D-A156-4743-9551-ED8E9ED2DD65}.Release|Any CPU.Build.0 = Release|Any CPU
	EndGlobalSection
	GlobalSection(SolutionProperties) = preSolution
		HideSolutionNode = FALSE
	EndGlobalSection
	GlobalSection(ExtensibilityGlobals) = postSolution
		SolutionGuid = {58D84915-9F17-435E-9D8F-95D6CA97AF8A}
	EndGlobalSection
EndGlobal
